
Microsoft Visual Studio Solution File, Format Version 12.00
# Visual Studio Version 17
VisualStudioVersion = 17.6.33801.468
MinimumVisualStudioVersion = 10.0.40219.1
Project("{FAE04EC0-301F-11D3-BF4B-00C04F79EFBC}") = "Task_2043", "Task_2043.csproj", "{1BB03CC0-79BB-46C8-A407-90F87BB52A38}"
EndProject
Global
	GlobalSection(SolutionConfigurationPlatforms) = preSolution
		Debug|Any CPU = Debug|Any CPU
		Release|Any CPU = Release|Any CPU
	EndGlobalSection
	GlobalSection(ProjectConfigurationPlatforms) = postSolution
		{1BB03CC0-79BB-46C8-A407-90F87BB52A38}.Debug|Any CPU.ActiveCfg = Debug|Any CPU
		{1BB03CC0-79BB-46C8-A407-90F87BB52A38}.Debug|Any CPU.Build.0 = Debug|Any CPU
		{1BB03CC0-79BB-46C8-A407-90F87BB52A38}.Release|Any CPU.ActiveCfg = Release|Any CPU
		{1BB03CC0-79BB-46C8-A407-90F87BB52A38}.Release|Any CPU.Build.0 = Release|Any CPU
	EndGlobalSection
	GlobalSection(SolutionProperties) = preSolution
		HideSolutionNode = FALSE
	EndGlobalSection
	GlobalSection(ExtensibilityGlobals) = postSolution
		SolutionGuid = {6832DE60-D8C7-4958-95A9-44905D8D2C39}
	EndGlobalSection
EndGlobal
