
Microsoft Visual Studio Solution File, Format Version 12.00
# Visual Studio Version 17
VisualStudioVersion = 17.6.33801.468
MinimumVisualStudioVersion = 10.0.40219.1
Project("{FAE04EC0-301F-11D3-BF4B-00C04F79EFBC}") = "Task_2013", "Task_2013.csproj", "{31DCAC7F-BAF8-482F-BF08-1CFEFA9D850E}"
EndProject
Global
	GlobalSection(SolutionConfigurationPlatforms) = preSolution
		Debug|Any CPU = Debug|Any CPU
		Release|Any CPU = Release|Any CPU
	EndGlobalSection
	GlobalSection(ProjectConfigurationPlatforms) = postSolution
		{31DCAC7F-BAF8-482F-BF08-1CFEFA9D850E}.Debug|Any CPU.ActiveCfg = Debug|Any CPU
		{31DCAC7F-BAF8-482F-BF08-1CFEFA9D850E}.Debug|Any CPU.Build.0 = Debug|Any CPU
		{31DCAC7F-BAF8-482F-BF08-1CFEFA9D850E}.Release|Any CPU.ActiveCfg = Release|Any CPU
		{31DCAC7F-BAF8-482F-BF08-1CFEFA9D850E}.Release|Any CPU.Build.0 = Release|Any CPU
	EndGlobalSection
	GlobalSection(SolutionProperties) = preSolution
		HideSolutionNode = FALSE
	EndGlobalSection
	GlobalSection(ExtensibilityGlobals) = postSolution
		SolutionGuid = {857CBCA9-7237-4573-9DA3-BC03F9C0723F}
	EndGlobalSection
EndGlobal
