
Microsoft Visual Studio Solution File, Format Version 12.00
# Visual Studio Version 17
VisualStudioVersion = 17.6.33801.468
MinimumVisualStudioVersion = 10.0.40219.1
Project("{FAE04EC0-301F-11D3-BF4B-00C04F79EFBC}") = "Task_2007", "Task_2007.csproj", "{8CC47460-87A9-4A7B-9AE5-500F7EB0A362}"
EndProject
Global
	GlobalSection(SolutionConfigurationPlatforms) = preSolution
		Debug|Any CPU = Debug|Any CPU
		Release|Any CPU = Release|Any CPU
	EndGlobalSection
	GlobalSection(ProjectConfigurationPlatforms) = postSolution
		{8CC47460-87A9-4A7B-9AE5-500F7EB0A362}.Debug|Any CPU.ActiveCfg = Debug|Any CPU
		{8CC47460-87A9-4A7B-9AE5-500F7EB0A362}.Debug|Any CPU.Build.0 = Debug|Any CPU
		{8CC47460-87A9-4A7B-9AE5-500F7EB0A362}.Release|Any CPU.ActiveCfg = Release|Any CPU
		{8CC47460-87A9-4A7B-9AE5-500F7EB0A362}.Release|Any CPU.Build.0 = Release|Any CPU
	EndGlobalSection
	GlobalSection(SolutionProperties) = preSolution
		HideSolutionNode = FALSE
	EndGlobalSection
	GlobalSection(ExtensibilityGlobals) = postSolution
		SolutionGuid = {BC013E2D-7D87-47E2-BCF8-F201A1B7CBD8}
	EndGlobalSection
EndGlobal
