
Microsoft Visual Studio Solution File, Format Version 12.00
# Visual Studio Version 17
VisualStudioVersion = 17.6.33801.468
MinimumVisualStudioVersion = 10.0.40219.1
Project("{FAE04EC0-301F-11D3-BF4B-00C04F79EFBC}") = "Task_2009", "Task_2009.csproj", "{45D89CF0-4A85-47EF-B865-3AFD412BF031}"
EndProject
Global
	GlobalSection(SolutionConfigurationPlatforms) = preSolution
		Debug|Any CPU = Debug|Any CPU
		Release|Any CPU = Release|Any CPU
	EndGlobalSection
	GlobalSection(ProjectConfigurationPlatforms) = postSolution
		{45D89CF0-4A85-47EF-B865-3AFD412BF031}.Debug|Any CPU.ActiveCfg = Debug|Any CPU
		{45D89CF0-4A85-47EF-B865-3AFD412BF031}.Debug|Any CPU.Build.0 = Debug|Any CPU
		{45D89CF0-4A85-47EF-B865-3AFD412BF031}.Release|Any CPU.ActiveCfg = Release|Any CPU
		{45D89CF0-4A85-47EF-B865-3AFD412BF031}.Release|Any CPU.Build.0 = Release|Any CPU
	EndGlobalSection
	GlobalSection(SolutionProperties) = preSolution
		HideSolutionNode = FALSE
	EndGlobalSection
	GlobalSection(ExtensibilityGlobals) = postSolution
		SolutionGuid = {695CDAB2-FA0E-4747-A2B3-64491B8AFB6D}
	EndGlobalSection
EndGlobal
