
Microsoft Visual Studio Solution File, Format Version 12.00
# Visual Studio Version 17
VisualStudioVersion = 17.6.33801.468
MinimumVisualStudioVersion = 10.0.40219.1
Project("{FAE04EC0-301F-11D3-BF4B-00C04F79EFBC}") = "Task_2012", "Task_2012.csproj", "{06B08113-ED45-4BA6-B71A-A61C7C967589}"
EndProject
Global
	GlobalSection(SolutionConfigurationPlatforms) = preSolution
		Debug|Any CPU = Debug|Any CPU
		Release|Any CPU = Release|Any CPU
	EndGlobalSection
	GlobalSection(ProjectConfigurationPlatforms) = postSolution
		{06B08113-ED45-4BA6-B71A-A61C7C967589}.Debug|Any CPU.ActiveCfg = Debug|Any CPU
		{06B08113-ED45-4BA6-B71A-A61C7C967589}.Debug|Any CPU.Build.0 = Debug|Any CPU
		{06B08113-ED45-4BA6-B71A-A61C7C967589}.Release|Any CPU.ActiveCfg = Release|Any CPU
		{06B08113-ED45-4BA6-B71A-A61C7C967589}.Release|Any CPU.Build.0 = Release|Any CPU
	EndGlobalSection
	GlobalSection(SolutionProperties) = preSolution
		HideSolutionNode = FALSE
	EndGlobalSection
	GlobalSection(ExtensibilityGlobals) = postSolution
		SolutionGuid = {63439EBB-5A86-4D2A-84C4-D83F317BD569}
	EndGlobalSection
EndGlobal
