
Microsoft Visual Studio Solution File, Format Version 12.00
# Visual Studio Version 17
VisualStudioVersion = 17.6.33801.468
MinimumVisualStudioVersion = 10.0.40219.1
Project("{FAE04EC0-301F-11D3-BF4B-00C04F79EFBC}") = "Task_2011", "Task_2011.csproj", "{16988BEC-8699-4344-BE6A-61206334AB51}"
EndProject
Global
	GlobalSection(SolutionConfigurationPlatforms) = preSolution
		Debug|Any CPU = Debug|Any CPU
		Release|Any CPU = Release|Any CPU
	EndGlobalSection
	GlobalSection(ProjectConfigurationPlatforms) = postSolution
		{16988BEC-8699-4344-BE6A-61206334AB51}.Debug|Any CPU.ActiveCfg = Debug|Any CPU
		{16988BEC-8699-4344-BE6A-61206334AB51}.Debug|Any CPU.Build.0 = Debug|Any CPU
		{16988BEC-8699-4344-BE6A-61206334AB51}.Release|Any CPU.ActiveCfg = Release|Any CPU
		{16988BEC-8699-4344-BE6A-61206334AB51}.Release|Any CPU.Build.0 = Release|Any CPU
	EndGlobalSection
	GlobalSection(SolutionProperties) = preSolution
		HideSolutionNode = FALSE
	EndGlobalSection
	GlobalSection(ExtensibilityGlobals) = postSolution
		SolutionGuid = {2A7B9A7D-C2A3-469A-9E61-3911EF4B8EF9}
	EndGlobalSection
EndGlobal
