
Microsoft Visual Studio Solution File, Format Version 12.00
# Visual Studio Version 17
VisualStudioVersion = 17.6.33801.468
MinimumVisualStudioVersion = 10.0.40219.1
Project("{FAE04EC0-301F-11D3-BF4B-00C04F79EFBC}") = "Task_2059", "Task_2059.csproj", "{6FA8A7D5-2C27-4F51-8122-B030852AD740}"
EndProject
Global
	GlobalSection(SolutionConfigurationPlatforms) = preSolution
		Debug|Any CPU = Debug|Any CPU
		Release|Any CPU = Release|Any CPU
	EndGlobalSection
	GlobalSection(ProjectConfigurationPlatforms) = postSolution
		{6FA8A7D5-2C27-4F51-8122-B030852AD740}.Debug|Any CPU.ActiveCfg = Debug|Any CPU
		{6FA8A7D5-2C27-4F51-8122-B030852AD740}.Debug|Any CPU.Build.0 = Debug|Any CPU
		{6FA8A7D5-2C27-4F51-8122-B030852AD740}.Release|Any CPU.ActiveCfg = Release|Any CPU
		{6FA8A7D5-2C27-4F51-8122-B030852AD740}.Release|Any CPU.Build.0 = Release|Any CPU
	EndGlobalSection
	GlobalSection(SolutionProperties) = preSolution
		HideSolutionNode = FALSE
	EndGlobalSection
	GlobalSection(ExtensibilityGlobals) = postSolution
		SolutionGuid = {2BB013A4-D3B0-48A0-96C5-CD67202932DF}
	EndGlobalSection
EndGlobal
