
Microsoft Visual Studio Solution File, Format Version 12.00
# Visual Studio Version 17
VisualStudioVersion = 17.6.33801.468
MinimumVisualStudioVersion = 10.0.40219.1
Project("{FAE04EC0-301F-11D3-BF4B-00C04F79EFBC}") = "Task_2047", "Task_2047.csproj", "{737B4A65-5FC7-48EC-BEDF-B2F74223ACEF}"
EndProject
Global
	GlobalSection(SolutionConfigurationPlatforms) = preSolution
		Debug|Any CPU = Debug|Any CPU
		Release|Any CPU = Release|Any CPU
	EndGlobalSection
	GlobalSection(ProjectConfigurationPlatforms) = postSolution
		{737B4A65-5FC7-48EC-BEDF-B2F74223ACEF}.Debug|Any CPU.ActiveCfg = Debug|Any CPU
		{737B4A65-5FC7-48EC-BEDF-B2F74223ACEF}.Debug|Any CPU.Build.0 = Debug|Any CPU
		{737B4A65-5FC7-48EC-BEDF-B2F74223ACEF}.Release|Any CPU.ActiveCfg = Release|Any CPU
		{737B4A65-5FC7-48EC-BEDF-B2F74223ACEF}.Release|Any CPU.Build.0 = Release|Any CPU
	EndGlobalSection
	GlobalSection(SolutionProperties) = preSolution
		HideSolutionNode = FALSE
	EndGlobalSection
	GlobalSection(ExtensibilityGlobals) = postSolution
		SolutionGuid = {5F34C5CE-0819-4105-9893-4E8D966BBF00}
	EndGlobalSection
EndGlobal
